
Microsoft Visual Studio Solution File, Format Version 12.00
# Visual Studio 15
VisualStudioVersion = 15.0.27130.2010
MinimumVisualStudioVersion = 10.0.40219.1
Project("{FAE04EC0-301F-11D3-BF4B-00C04F79EFBC}") = "InheritanceAndPolymorphismPractice", "InheritanceAndPolymorphismPractice\InheritanceAndPolymorphismPractice.csproj", "{352B53EC-C0A1-438E-9B1A-0DFEED24E20D}"
EndProject
Global
	GlobalSection(SolutionConfigurationPlatforms) = preSolution
		Debug|Any CPU = Debug|Any CPU
		Release|Any CPU = Release|Any CPU
	EndGlobalSection
	GlobalSection(ProjectConfigurationPlatforms) = postSolution
		{352B53EC-C0A1-438E-9B1A-0DFEED24E20D}.Debug|Any CPU.ActiveCfg = Debug|Any CPU
		{352B53EC-C0A1-438E-9B1A-0DFEED24E20D}.Debug|Any CPU.Build.0 = Debug|Any CPU
		{352B53EC-C0A1-438E-9B1A-0DFEED24E20D}.Release|Any CPU.ActiveCfg = Release|Any CPU
		{352B53EC-C0A1-438E-9B1A-0DFEED24E20D}.Release|Any CPU.Build.0 = Release|Any CPU
	EndGlobalSection
	GlobalSection(SolutionProperties) = preSolution
		HideSolutionNode = FALSE
	EndGlobalSection
	GlobalSection(ExtensibilityGlobals) = postSolution
		SolutionGuid = {B8B32123-3171-495A-9E25-14BE7BED0B74}
	EndGlobalSection
EndGlobal
